{
  "version": 4,
  "terraform_version": "1.11.1",
  "serial": 501,
  "lineage": "378c5f09-7043-3ffb-c924-09f749867a98",
  "outputs": {
    "decrypted_pwd": {
      "value": "t9\u0026@U.\u002650S4DxbAMXZhUJi!C6Zj\u0026z1mz",
      "type": "string"
    },
    "private_ip": {
      "value": "10.0.4.39",
      "type": "string"
    },
    "public_ip": {
      "value": "3.147.152.165",
      "type": "string"
    },
    "random_pet": {
      "value": "unlikely-sunny-goldfish",
      "type": "string"
    },
    "windows_ami_id": {
      "value": "ami-06f239dc2703bfeb6",
      "type": "string"
    }
  },
  "resources": [
    {
      "mode": "data",
      "type": "aws_ami",
      "name": "windows",
      "provider": "provider[\"registry.terraform.io/hashicorp/aws\"]",
      "instances": [
        {
          "schema_version": 0,
          "attributes": {
            "architecture": "x86_64",
            "arn": "arn:aws:ec2:us-east-2::image/ami-06f239dc2703bfeb6",
            "block_device_mappings": [
              {
                "device_name": "/dev/sda1",
                "ebs": {
                  "delete_on_termination": "true",
                  "encrypted": "false",
                  "iops": "3000",
                  "snapshot_id": "snap-0c926548b699a8904",
                  "throughput": "125",
                  "volume_size": "30",
                  "volume_type": "gp3"
                },
                "no_device": "",
                "virtual_name": ""
              },
              {
                "device_name": "xvdca",
                "ebs": {},
                "no_device": "",
                "virtual_name": "ephemeral0"
              },
              {
                "device_name": "xvdcb",
                "ebs": {},
                "no_device": "",
                "virtual_name": "ephemeral1"
              },
              {
                "device_name": "xvdcc",
                "ebs": {},
                "no_device": "",
                "virtual_name": "ephemeral2"
              },
              {
                "device_name": "xvdcd",
                "ebs": {},
                "no_device": "",
                "virtual_name": "ephemeral3"
              },
              {
                "device_name": "xvdce",
                "ebs": {},
                "no_device": "",
                "virtual_name": "ephemeral4"
              },
              {
                "device_name": "xvdcf",
                "ebs": {},
                "no_device": "",
                "virtual_name": "ephemeral5"
              },
              {
                "device_name": "xvdcg",
                "ebs": {},
                "no_device": "",
                "virtual_name": "ephemeral6"
              },
              {
                "device_name": "xvdch",
                "ebs": {},
                "no_device": "",
                "virtual_name": "ephemeral7"
              },
              {
                "device_name": "xvdci",
                "ebs": {},
                "no_device": "",
                "virtual_name": "ephemeral8"
              },
              {
                "device_name": "xvdcj",
                "ebs": {},
                "no_device": "",
                "virtual_name": "ephemeral9"
              },
              {
                "device_name": "xvdck",
                "ebs": {},
                "no_device": "",
                "virtual_name": "ephemeral10"
              },
              {
                "device_name": "xvdcl",
                "ebs": {},
                "no_device": "",
                "virtual_name": "ephemeral11"
              },
              {
                "device_name": "xvdcm",
                "ebs": {},
                "no_device": "",
                "virtual_name": "ephemeral12"
              },
              {
                "device_name": "xvdcn",
                "ebs": {},
                "no_device": "",
                "virtual_name": "ephemeral13"
              },
              {
                "device_name": "xvdco",
                "ebs": {},
                "no_device": "",
                "virtual_name": "ephemeral14"
              },
              {
                "device_name": "xvdcp",
                "ebs": {},
                "no_device": "",
                "virtual_name": "ephemeral15"
              },
              {
                "device_name": "xvdcq",
                "ebs": {},
                "no_device": "",
                "virtual_name": "ephemeral16"
              },
              {
                "device_name": "xvdcr",
                "ebs": {},
                "no_device": "",
                "virtual_name": "ephemeral17"
              },
              {
                "device_name": "xvdcs",
                "ebs": {},
                "no_device": "",
                "virtual_name": "ephemeral18"
              },
              {
                "device_name": "xvdct",
                "ebs": {},
                "no_device": "",
                "virtual_name": "ephemeral19"
              },
              {
                "device_name": "xvdcu",
                "ebs": {},
                "no_device": "",
                "virtual_name": "ephemeral20"
              },
              {
                "device_name": "xvdcv",
                "ebs": {},
                "no_device": "",
                "virtual_name": "ephemeral21"
              },
              {
                "device_name": "xvdcw",
                "ebs": {},
                "no_device": "",
                "virtual_name": "ephemeral22"
              },
              {
                "device_name": "xvdcx",
                "ebs": {},
                "no_device": "",
                "virtual_name": "ephemeral23"
              },
              {
                "device_name": "xvdcy",
                "ebs": {},
                "no_device": "",
                "virtual_name": "ephemeral24"
              },
              {
                "device_name": "xvdcz",
                "ebs": {},
                "no_device": "",
                "virtual_name": "ephemeral25"
              }
            ],
            "boot_mode": "uefi",
            "creation_date": "2025-03-12T20:12:40.000Z",
            "deprecation_time": "2027-03-12T20:12:40.000Z",
            "description": "Microsoft Windows Server 2025 Full Locale English AMI provided by Amazon",
            "ena_support": true,
            "executable_users": null,
            "filter": [
              {
                "name": "name",
                "values": [
                  "Windows_Server-2025-English-Full-Base*"
                ]
              }
            ],
            "hypervisor": "xen",
            "id": "ami-06f239dc2703bfeb6",
            "image_id": "ami-06f239dc2703bfeb6",
            "image_location": "amazon/Windows_Server-2025-English-Full-Base-2025.03.12",
            "image_owner_alias": "amazon",
            "image_type": "machine",
            "imds_support": "v2.0",
            "include_deprecated": false,
            "kernel_id": "",
            "most_recent": true,
            "name": "Windows_Server-2025-English-Full-Base-2025.03.12",
            "name_regex": null,
            "owner_id": "801119661308",
            "owners": [
              "amazon"
            ],
            "platform": "windows",
            "platform_details": "Windows",
            "product_codes": [],
            "public": true,
            "ramdisk_id": "",
            "root_device_name": "/dev/sda1",
            "root_device_type": "ebs",
            "root_snapshot_id": "snap-0c926548b699a8904",
            "sriov_net_support": "",
            "state": "available",
            "state_reason": {
              "code": "UNSET",
              "message": "UNSET"
            },
            "tags": {},
            "timeouts": null,
            "tpm_support": "",
            "uefi_data": null,
            "usage_operation": "RunInstances:0002",
            "virtualization_type": "hvm"
          },
          "sensitive_attributes": []
        }
      ]
    },
    {
      "mode": "managed",
      "type": "aws_default_network_acl",
      "name": "main_nacl",
      "provider": "provider[\"registry.terraform.io/hashicorp/aws\"]",
      "instances": [
        {
          "schema_version": 0,
          "attributes": {
            "arn": "arn:aws:ec2:us-east-2:222634359853:network-acl/acl-0af2873ca7727fecd",
            "default_network_acl_id": "acl-0af2873ca7727fecd",
            "egress": [
              {
                "action": "allow",
                "cidr_block": "0.0.0.0/0",
                "from_port": 0,
                "icmp_code": null,
                "icmp_type": null,
                "ipv6_cidr_block": "",
                "protocol": "-1",
                "rule_no": 100,
                "to_port": 0
              }
            ],
            "id": "acl-0af2873ca7727fecd",
            "ingress": [
              {
                "action": "allow",
                "cidr_block": "0.0.0.0/0",
                "from_port": 1024,
                "icmp_code": null,
                "icmp_type": null,
                "ipv6_cidr_block": "",
                "protocol": "tcp",
                "rule_no": 400,
                "to_port": 65535
              },
              {
                "action": "allow",
                "cidr_block": "0.0.0.0/0",
                "from_port": 22,
                "icmp_code": null,
                "icmp_type": null,
                "ipv6_cidr_block": "",
                "protocol": "tcp",
                "rule_no": 300,
                "to_port": 22
              },
              {
                "action": "allow",
                "cidr_block": "0.0.0.0/0",
                "from_port": 443,
                "icmp_code": null,
                "icmp_type": null,
                "ipv6_cidr_block": "",
                "protocol": "tcp",
                "rule_no": 200,
                "to_port": 443
              },
              {
                "action": "allow",
                "cidr_block": "0.0.0.0/0",
                "from_port": 80,
                "icmp_code": null,
                "icmp_type": null,
                "ipv6_cidr_block": "",
                "protocol": "tcp",
                "rule_no": 100,
                "to_port": 80
              }
            ],
            "owner_id": "222634359853",
            "subnet_ids": [
              "subnet-08f2488e997ac2340",
              "subnet-0c06d4ea7d092a5d4"
            ],
            "tags": {
              "Name": "unlikely-sunny-goldfish-nacl"
            },
            "tags_all": {
              "Name": "unlikely-sunny-goldfish-nacl"
            },
            "vpc_id": "vpc-0fe8c7eba107a72ec"
          },
          "sensitive_attributes": [],
          "private": "bnVsbA==",
          "dependencies": [
            "aws_vpc.vpc01",
            "random_pet.pet_name"
          ]
        }
      ]
    },
    {
      "mode": "managed",
      "type": "aws_default_route_table",
      "name": "main_rt",
      "provider": "provider[\"registry.terraform.io/hashicorp/aws\"]",
      "instances": [
        {
          "schema_version": 0,
          "attributes": {
            "arn": "arn:aws:ec2:us-east-2:222634359853:route-table/rtb-0c74e95f8a8bab1a6",
            "default_route_table_id": "rtb-0c74e95f8a8bab1a6",
            "id": "rtb-0c74e95f8a8bab1a6",
            "owner_id": "222634359853",
            "propagating_vgws": null,
            "route": [
              {
                "cidr_block": "0.0.0.0/0",
                "core_network_arn": "",
                "destination_prefix_list_id": "",
                "egress_only_gateway_id": "",
                "gateway_id": "",
                "instance_id": "",
                "ipv6_cidr_block": "",
                "nat_gateway_id": "nat-09b9e53cc45beba06",
                "network_interface_id": "",
                "transit_gateway_id": "",
                "vpc_endpoint_id": "",
                "vpc_peering_connection_id": ""
              }
            ],
            "tags": {
              "Name": "unlikely-sunny-goldfish-main-rt"
            },
            "tags_all": {
              "Name": "unlikely-sunny-goldfish-main-rt"
            },
            "timeouts": null,
            "vpc_id": "vpc-0fe8c7eba107a72ec"
          },
          "sensitive_attributes": [],
          "private": "eyJlMmJmYjczMC1lY2FhLTExZTYtOGY4OC0zNDM2M2JjN2M0YzAiOnsiY3JlYXRlIjoxMjAwMDAwMDAwMDAsInVwZGF0ZSI6MTIwMDAwMDAwMDAwfX0=",
          "dependencies": [
            "aws_eip.nat_gw_eip",
            "aws_nat_gateway.nat_gw",
            "aws_subnet.public_subnet",
            "aws_vpc.vpc01",
            "random_pet.pet_name"
          ]
        }
      ]
    },
    {
      "mode": "managed",
      "type": "aws_eip",
      "name": "nat_gw_eip",
      "provider": "provider[\"registry.terraform.io/hashicorp/aws\"]",
      "instances": [
        {
          "schema_version": 0,
          "attributes": {
            "address": null,
            "allocation_id": "eipalloc-0d2775bf316f5aa92",
            "arn": "arn:aws:ec2:us-east-2:222634359853:elastic-ip/eipalloc-0d2775bf316f5aa92",
            "associate_with_private_ip": null,
            "association_id": "",
            "carrier_ip": "",
            "customer_owned_ip": "",
            "customer_owned_ipv4_pool": "",
            "domain": "vpc",
            "id": "eipalloc-0d2775bf316f5aa92",
            "instance": "",
            "ipam_pool_id": null,
            "network_border_group": "us-east-2",
            "network_interface": "",
            "private_dns": null,
            "private_ip": "",
            "ptr_record": "",
            "public_dns": "ec2-3-14-100-133.us-east-2.compute.amazonaws.com",
            "public_ip": "3.14.100.133",
            "public_ipv4_pool": "amazon",
            "tags": {
              "Name": "unlikely-sunny-goldfish-nat-gw-eip"
            },
            "tags_all": {
              "Name": "unlikely-sunny-goldfish-nat-gw-eip"
            },
            "timeouts": null,
            "vpc": true
          },
          "sensitive_attributes": [],
          "private": "eyJlMmJmYjczMC1lY2FhLTExZTYtOGY4OC0zNDM2M2JjN2M0YzAiOnsiZGVsZXRlIjoxODAwMDAwMDAwMDAsInJlYWQiOjkwMDAwMDAwMDAwMCwidXBkYXRlIjozMDAwMDAwMDAwMDB9fQ==",
          "dependencies": [
            "random_pet.pet_name"
          ]
        }
      ]
    },
    {
      "mode": "managed",
      "type": "aws_eip",
      "name": "windows_eip",
      "provider": "provider[\"registry.terraform.io/hashicorp/aws\"]",
      "instances": [
        {
          "schema_version": 0,
          "attributes": {
            "address": null,
            "allocation_id": "eipalloc-01a13dbc50c1629c6",
            "arn": "arn:aws:ec2:us-east-2:222634359853:elastic-ip/eipalloc-01a13dbc50c1629c6",
            "associate_with_private_ip": null,
            "association_id": "",
            "carrier_ip": "",
            "customer_owned_ip": "",
            "customer_owned_ipv4_pool": "",
            "domain": "vpc",
            "id": "eipalloc-01a13dbc50c1629c6",
            "instance": "",
            "ipam_pool_id": null,
            "network_border_group": "us-east-2",
            "network_interface": "",
            "private_dns": null,
            "private_ip": "",
            "ptr_record": "",
            "public_dns": "ec2-3-147-152-165.us-east-2.compute.amazonaws.com",
            "public_ip": "3.147.152.165",
            "public_ipv4_pool": "amazon",
            "tags": {
              "Name": "unlikely-sunny-goldfish-windows-eip"
            },
            "tags_all": {
              "Name": "unlikely-sunny-goldfish-windows-eip"
            },
            "timeouts": null,
            "vpc": true
          },
          "sensitive_attributes": [],
          "private": "eyJlMmJmYjczMC1lY2FhLTExZTYtOGY4OC0zNDM2M2JjN2M0YzAiOnsiZGVsZXRlIjoxODAwMDAwMDAwMDAsInJlYWQiOjkwMDAwMDAwMDAwMCwidXBkYXRlIjozMDAwMDAwMDAwMDB9fQ==",
          "dependencies": [
            "random_pet.pet_name"
          ]
        }
      ]
    },
    {
      "mode": "managed",
      "type": "aws_eip_association",
      "name": "windows_eip_assoc",
      "provider": "provider[\"registry.terraform.io/hashicorp/aws\"]",
      "instances": [
        {
          "schema_version": 0,
          "attributes": {
            "allocation_id": "eipalloc-01a13dbc50c1629c6",
            "allow_reassociation": null,
            "id": "eipassoc-01403134d13193013",
            "instance_id": "i-06d6355f0227d59fb",
            "network_interface_id": "eni-09cb455ab53e0d2d8",
            "private_ip_address": "10.0.4.39",
            "public_ip": "3.147.152.165"
          },
          "sensitive_attributes": [],
          "private": "bnVsbA==",
          "dependencies": [
            "aws_eip.windows_eip",
            "aws_instance.my_windows_server",
            "aws_key_pair.ec2_key",
            "aws_security_group.windows_sg",
            "aws_subnet.public_subnet",
            "aws_vpc.vpc01",
            "data.aws_ami.windows",
            "random_pet.pet_name",
            "tls_private_key.ec2_key"
          ]
        }
      ]
    },
    {
      "mode": "managed",
      "type": "aws_instance",
      "name": "my_linux_server",
      "provider": "provider[\"registry.terraform.io/hashicorp/aws\"]",
      "instances": [
        {
          "schema_version": 1,
          "attributes": {
            "ami": "ami-0efc43a4067fe9a3e",
            "arn": "arn:aws:ec2:us-east-2:222634359853:instance/i-0786a3a25bbceef28",
            "associate_public_ip_address": false,
            "availability_zone": "us-east-2b",
            "capacity_reservation_specification": [
              {
                "capacity_reservation_preference": "open",
                "capacity_reservation_target": []
              }
            ],
            "cpu_core_count": 1,
            "cpu_options": [
              {
                "amd_sev_snp": "",
                "core_count": 1,
                "threads_per_core": 2
              }
            ],
            "cpu_threads_per_core": 2,
            "credit_specification": [
              {
                "cpu_credits": "unlimited"
              }
            ],
            "disable_api_stop": false,
            "disable_api_termination": false,
            "ebs_block_device": [],
            "ebs_optimized": false,
            "enable_primary_ipv6": null,
            "enclave_options": [
              {
                "enabled": false
              }
            ],
            "ephemeral_block_device": [],
            "get_password_data": false,
            "hibernation": false,
            "host_id": "",
            "host_resource_group_arn": null,
            "iam_instance_profile": "",
            "id": "i-0786a3a25bbceef28",
            "instance_initiated_shutdown_behavior": "stop",
            "instance_lifecycle": "",
            "instance_market_options": [],
            "instance_state": "running",
            "instance_type": "t3.large",
            "ipv6_address_count": 0,
            "ipv6_addresses": [],
            "key_name": "unlikely-sunny-goldfish-key",
            "launch_template": [],
            "maintenance_options": [
              {
                "auto_recovery": "default"
              }
            ],
            "metadata_options": [
              {
                "http_endpoint": "enabled",
                "http_protocol_ipv6": "disabled",
                "http_put_response_hop_limit": 2,
                "http_tokens": "required",
                "instance_metadata_tags": "disabled"
              }
            ],
            "monitoring": false,
            "network_interface": [],
            "outpost_arn": "",
            "password_data": "",
            "placement_group": "",
            "placement_partition_number": 0,
            "primary_network_interface_id": "eni-0f05d500dbded7abb",
            "private_dns": "ip-10-0-8-54.us-east-2.compute.internal",
            "private_dns_name_options": [
              {
                "enable_resource_name_dns_a_record": false,
                "enable_resource_name_dns_aaaa_record": false,
                "hostname_type": "ip-name"
              }
            ],
            "private_ip": "10.0.8.54",
            "public_dns": "",
            "public_ip": "",
            "root_block_device": [
              {
                "delete_on_termination": true,
                "device_name": "/dev/xvda",
                "encrypted": false,
                "iops": 3000,
                "kms_key_id": "",
                "tags": {},
                "tags_all": {},
                "throughput": 125,
                "volume_id": "vol-088e8db6d8c896838",
                "volume_size": 8,
                "volume_type": "gp3"
              }
            ],
            "secondary_private_ips": [],
            "security_groups": [],
            "source_dest_check": true,
            "spot_instance_request_id": "",
            "subnet_id": "subnet-0c06d4ea7d092a5d4",
            "tags": {
              "Name": "unlikely-sunny-goldfish-linux-server"
            },
            "tags_all": {
              "Name": "unlikely-sunny-goldfish-linux-server"
            },
            "tenancy": "default",
            "timeouts": null,
            "user_data": null,
            "user_data_base64": null,
            "user_data_replace_on_change": false,
            "volume_tags": null,
            "vpc_security_group_ids": [
              "sg-01a5a27c2646a73b1"
            ]
          },
          "sensitive_attributes": [],
          "private": "eyJlMmJmYjczMC1lY2FhLTExZTYtOGY4OC0zNDM2M2JjN2M0YzAiOnsiY3JlYXRlIjo2MDAwMDAwMDAwMDAsImRlbGV0ZSI6MTIwMDAwMDAwMDAwMCwicmVhZCI6OTAwMDAwMDAwMDAwLCJ1cGRhdGUiOjYwMDAwMDAwMDAwMH0sInNjaGVtYV92ZXJzaW9uIjoiMSJ9",
          "dependencies": [
            "aws_key_pair.ec2_key",
            "aws_security_group.linux_sg",
            "aws_subnet.private_subnet",
            "aws_vpc.vpc01",
            "random_pet.pet_name",
            "tls_private_key.ec2_key"
          ]
        }
      ]
    },
    {
      "mode": "managed",
      "type": "aws_instance",
      "name": "my_windows_server",
      "provider": "provider[\"registry.terraform.io/hashicorp/aws\"]",
      "instances": [
        {
          "schema_version": 1,
          "attributes": {
            "ami": "ami-06f239dc2703bfeb6",
            "arn": "arn:aws:ec2:us-east-2:222634359853:instance/i-06d6355f0227d59fb",
            "associate_public_ip_address": false,
            "availability_zone": "us-east-2c",
            "capacity_reservation_specification": [
              {
                "capacity_reservation_preference": "open",
                "capacity_reservation_target": []
              }
            ],
            "cpu_core_count": 1,
            "cpu_options": [
              {
                "amd_sev_snp": "",
                "core_count": 1,
                "threads_per_core": 2
              }
            ],
            "cpu_threads_per_core": 2,
            "credit_specification": [
              {
                "cpu_credits": "unlimited"
              }
            ],
            "disable_api_stop": false,
            "disable_api_termination": false,
            "ebs_block_device": [],
            "ebs_optimized": false,
            "enable_primary_ipv6": null,
            "enclave_options": [
              {
                "enabled": false
              }
            ],
            "ephemeral_block_device": [],
            "get_password_data": true,
            "hibernation": false,
            "host_id": "",
            "host_resource_group_arn": null,
            "iam_instance_profile": "",
            "id": "i-06d6355f0227d59fb",
            "instance_initiated_shutdown_behavior": "stop",
            "instance_lifecycle": "",
            "instance_market_options": [],
            "instance_state": "running",
            "instance_type": "t3.large",
            "ipv6_address_count": 0,
            "ipv6_addresses": [],
            "key_name": "unlikely-sunny-goldfish-key",
            "launch_template": [],
            "maintenance_options": [
              {
                "auto_recovery": "default"
              }
            ],
            "metadata_options": [
              {
                "http_endpoint": "enabled",
                "http_protocol_ipv6": "disabled",
                "http_put_response_hop_limit": 2,
                "http_tokens": "required",
                "instance_metadata_tags": "disabled"
              }
            ],
            "monitoring": false,
            "network_interface": [],
            "outpost_arn": "",
            "password_data": "htXQQeudEu+XAqmh+w97NUWYbagUGvWvQCrTNduq9XOUsN1WWOVeT7yd55uSXzGHlyHCq/T0uGnBukuxQI9gFCdMg7OV2/OGmSC26CavsV00f8kIu1TGWYV23qzhshcjuUxIc55eUR2tOga7m2yHCpy8QFuAGtshWDx28jdYKCpxwRhyFXee7NQETFa9jSFbSS0z7gAOwfd4lly5+liFjBc2q+ZezGnlpZyqfDxfu4758scBOB3XzPopuvs3QPf1jvV7PZ4HPJH25gZS/ciJ0V2HcPvFE/okI+FyE8sXmbzl1Nb8RMY4UnRXzolKQoNkzVakVxI4n8w6j/Zy4PiHTeR16qwt6tjHFF7W6skRskr99dxK3BcDkOnzTaYOaYYxfSYiVSuRcGyhL7GJHRnaVJRMnZA28wLJihm30Cos7TOdHnRclM+NxX4m95NKYpYT5w9nmjU8GAOP+8qGGSIi6/u76/bR3PwDmiPoF7wBQjRCr1uyMZkEvX5LHm3o0H50rMLv0eFklyEuuqvzG4EzQKUt+6W4LM9XEPGssALWsJspqEDvO0v3MJTzuQ1q1DsoN0oJ437laF+a3fegttHaooPjV1GO3iyMsjIRmRBHOq0PuXDSb3BCAxGjkY8KhuI6YzjcU12wqeLKf2sYbz/jaKUxu3ajgKfxgTzRFW4m5C4=",
            "placement_group": "",
            "placement_partition_number": 0,
            "primary_network_interface_id": "eni-09cb455ab53e0d2d8",
            "private_dns": "ip-10-0-4-39.us-east-2.compute.internal",
            "private_dns_name_options": [
              {
                "enable_resource_name_dns_a_record": false,
                "enable_resource_name_dns_aaaa_record": false,
                "hostname_type": "ip-name"
              }
            ],
            "private_ip": "10.0.4.39",
            "public_dns": "",
            "public_ip": "",
            "root_block_device": [
              {
                "delete_on_termination": true,
                "device_name": "/dev/sda1",
                "encrypted": false,
                "iops": 3000,
                "kms_key_id": "",
                "tags": {},
                "tags_all": {},
                "throughput": 125,
                "volume_id": "vol-044f3c8c7208c659f",
                "volume_size": 30,
                "volume_type": "gp3"
              }
            ],
            "secondary_private_ips": [],
            "security_groups": [],
            "source_dest_check": true,
            "spot_instance_request_id": "",
            "subnet_id": "subnet-08f2488e997ac2340",
            "tags": {
              "Name": "unlikely-sunny-goldfish-windows-server"
            },
            "tags_all": {
              "Name": "unlikely-sunny-goldfish-windows-server"
            },
            "tenancy": "default",
            "timeouts": null,
            "user_data": "29fd49fee3e0edc81e26353210e8d47842574572",
            "user_data_base64": null,
            "user_data_replace_on_change": false,
            "volume_tags": null,
            "vpc_security_group_ids": [
              "sg-0683069b0f5aa1f84"
            ]
          },
          "sensitive_attributes": [],
          "private": "eyJlMmJmYjczMC1lY2FhLTExZTYtOGY4OC0zNDM2M2JjN2M0YzAiOnsiY3JlYXRlIjo2MDAwMDAwMDAwMDAsImRlbGV0ZSI6MTIwMDAwMDAwMDAwMCwicmVhZCI6OTAwMDAwMDAwMDAwLCJ1cGRhdGUiOjYwMDAwMDAwMDAwMH0sInNjaGVtYV92ZXJzaW9uIjoiMSJ9",
          "dependencies": [
            "aws_key_pair.ec2_key",
            "aws_security_group.windows_sg",
            "aws_subnet.public_subnet",
            "aws_vpc.vpc01",
            "data.aws_ami.windows",
            "random_pet.pet_name",
            "tls_private_key.ec2_key"
          ]
        }
      ]
    },
    {
      "mode": "managed",
      "type": "aws_internet_gateway",
      "name": "igw",
      "provider": "provider[\"registry.terraform.io/hashicorp/aws\"]",
      "instances": [
        {
          "schema_version": 0,
          "attributes": {
            "arn": "arn:aws:ec2:us-east-2:222634359853:internet-gateway/igw-02c6fc1e4afaacab8",
            "id": "igw-02c6fc1e4afaacab8",
            "owner_id": "222634359853",
            "tags": {
              "Name": "unlikely-sunny-goldfish-igw"
            },
            "tags_all": {
              "Name": "unlikely-sunny-goldfish-igw"
            },
            "timeouts": null,
            "vpc_id": "vpc-0fe8c7eba107a72ec"
          },
          "sensitive_attributes": [],
          "private": "eyJlMmJmYjczMC1lY2FhLTExZTYtOGY4OC0zNDM2M2JjN2M0YzAiOnsiY3JlYXRlIjoxMjAwMDAwMDAwMDAwLCJkZWxldGUiOjEyMDAwMDAwMDAwMDAsInVwZGF0ZSI6MTIwMDAwMDAwMDAwMH19",
          "dependencies": [
            "aws_vpc.vpc01",
            "random_pet.pet_name"
          ]
        }
      ]
    },
    {
      "mode": "managed",
      "type": "aws_key_pair",
      "name": "ec2_key",
      "provider": "provider[\"registry.terraform.io/hashicorp/aws\"]",
      "instances": [
        {
          "schema_version": 1,
          "attributes": {
            "arn": "arn:aws:ec2:us-east-2:222634359853:key-pair/unlikely-sunny-goldfish-key",
            "fingerprint": "e1:52:84:f1:cc:70:97:a5:34:70:15:2d:cb:c0:5f:f6",
            "id": "unlikely-sunny-goldfish-key",
            "key_name": "unlikely-sunny-goldfish-key",
            "key_name_prefix": "",
            "key_pair_id": "key-02cdcae84417a5660",
            "key_type": "rsa",
            "public_key": "ssh-rsa AAAAB3NzaC1yc2EAAAADAQABAAACAQDEm2fjlmpl3g0CdD0ZqIt0qloj4FwmufmLyey49oEScxWpo/q0VbEX8ytH43dMkQ3hdanI6KeB9ov3N+o5/Wz6RzmRv51RY0XoL/Phfm7xR3bdMjjGqPYXW66Vb2+grgAlxZ/vNLTh6bOneNiXnts44yI+plJbXdWKDbfHRKO3C9nyscs358IYW1NQISAbvMwLrl7tjEJx19G8XZccJ8i/Ri177O7U2VJFIeZqFM9iLi2SoDZvr7le0nnXXEsYe7BQpRRmFDz6LB7NEVwshVzvWT/xLahde7DByeCFoF162z4XS87aKmm041HfMJpuoJpyBBmMmGuxMVXCkHapxSmgf33fpxepZYu17lb4WkPMbCdJvlizywJfECwLtx0v5CPs7niYSqFMeT1GvQim9b838zNQVf4d2C0pG9YSXoSr9hn3WgDU64sXu5oe6rWwMPqIlp90pOQHIUTJqQjlAFUnyVlAEsweeiicevKeThbXWB7QFMvpsAlLcczKPL8/FDwT6WjeEGFk0Eh0n23I5cAQwi9xX6Zc8+V8oyR6B9igfXzSvCbLGvgwIpe8mGanDGdueDOvfu1pVdqQxLBtXrLe7LPr1Al4seSGJ85pXGqTRACsb6UK1OfO+NhAWC9vWPsPGdZ5WAymD9QUexhrwnTZ/xkX+tfAgxuLKrp2okKFRQ==",
            "tags": null,
            "tags_all": {}
          },
          "sensitive_attributes": [],
          "private": "eyJzY2hlbWFfdmVyc2lvbiI6IjEifQ==",
          "dependencies": [
            "random_pet.pet_name",
            "tls_private_key.ec2_key"
          ]
        }
      ]
    },
    {
      "mode": "managed",
      "type": "aws_nat_gateway",
      "name": "nat_gw",
      "provider": "provider[\"registry.terraform.io/hashicorp/aws\"]",
      "instances": [
        {
          "schema_version": 0,
          "attributes": {
            "allocation_id": "eipalloc-0d2775bf316f5aa92",
            "association_id": "eipassoc-0f026fa5c773d8c76",
            "connectivity_type": "public",
            "id": "nat-09b9e53cc45beba06",
            "network_interface_id": "eni-0d20b9aa401bd64b9",
            "private_ip": "10.0.1.167",
            "public_ip": "3.14.100.133",
            "secondary_allocation_ids": null,
            "secondary_private_ip_address_count": 0,
            "secondary_private_ip_addresses": [],
            "subnet_id": "subnet-08f2488e997ac2340",
            "tags": {
              "Name": "unlikely-sunny-goldfish-nat-gw"
            },
            "tags_all": {
              "Name": "unlikely-sunny-goldfish-nat-gw"
            },
            "timeouts": null
          },
          "sensitive_attributes": [],
          "private": "eyJlMmJmYjczMC1lY2FhLTExZTYtOGY4OC0zNDM2M2JjN2M0YzAiOnsiY3JlYXRlIjo2MDAwMDAwMDAwMDAsImRlbGV0ZSI6MTgwMDAwMDAwMDAwMCwidXBkYXRlIjo2MDAwMDAwMDAwMDB9fQ==",
          "dependencies": [
            "aws_eip.nat_gw_eip",
            "aws_subnet.public_subnet",
            "aws_vpc.vpc01",
            "random_pet.pet_name"
          ]
        }
      ]
    },
    {
      "mode": "managed",
      "type": "aws_route_table",
      "name": "public_rt",
      "provider": "provider[\"registry.terraform.io/hashicorp/aws\"]",
      "instances": [
        {
          "schema_version": 0,
          "attributes": {
            "arn": "arn:aws:ec2:us-east-2:222634359853:route-table/rtb-0c290be2b2f33f79e",
            "id": "rtb-0c290be2b2f33f79e",
            "owner_id": "222634359853",
            "propagating_vgws": [],
            "route": [
              {
                "carrier_gateway_id": "",
                "cidr_block": "0.0.0.0/0",
                "core_network_arn": "",
                "destination_prefix_list_id": "",
                "egress_only_gateway_id": "",
                "gateway_id": "igw-02c6fc1e4afaacab8",
                "ipv6_cidr_block": "",
                "local_gateway_id": "",
                "nat_gateway_id": "",
                "network_interface_id": "",
                "transit_gateway_id": "",
                "vpc_endpoint_id": "",
                "vpc_peering_connection_id": ""
              }
            ],
            "tags": {
              "Name": "unlikely-sunny-goldfish-public-rt"
            },
            "tags_all": {
              "Name": "unlikely-sunny-goldfish-public-rt"
            },
            "timeouts": null,
            "vpc_id": "vpc-0fe8c7eba107a72ec"
          },
          "sensitive_attributes": [],
          "private": "eyJlMmJmYjczMC1lY2FhLTExZTYtOGY4OC0zNDM2M2JjN2M0YzAiOnsiY3JlYXRlIjozMDAwMDAwMDAwMDAsImRlbGV0ZSI6MzAwMDAwMDAwMDAwLCJ1cGRhdGUiOjEyMDAwMDAwMDAwMH19",
          "dependencies": [
            "aws_internet_gateway.igw",
            "aws_vpc.vpc01",
            "random_pet.pet_name"
          ]
        }
      ]
    },
    {
      "mode": "managed",
      "type": "aws_route_table_association",
      "name": "public_rta",
      "provider": "provider[\"registry.terraform.io/hashicorp/aws\"]",
      "instances": [
        {
          "schema_version": 0,
          "attributes": {
            "gateway_id": "",
            "id": "rtbassoc-0e2d4985877b2b35c",
            "route_table_id": "rtb-0c290be2b2f33f79e",
            "subnet_id": "subnet-08f2488e997ac2340",
            "timeouts": null
          },
          "sensitive_attributes": [],
          "private": "eyJlMmJmYjczMC1lY2FhLTExZTYtOGY4OC0zNDM2M2JjN2M0YzAiOnsiY3JlYXRlIjozMDAwMDAwMDAwMDAsImRlbGV0ZSI6MzAwMDAwMDAwMDAwLCJ1cGRhdGUiOjEyMDAwMDAwMDAwMH19",
          "dependencies": [
            "aws_internet_gateway.igw",
            "aws_route_table.public_rt",
            "aws_subnet.public_subnet",
            "aws_vpc.vpc01",
            "random_pet.pet_name"
          ]
        }
      ]
    },
    {
      "mode": "managed",
      "type": "aws_security_group",
      "name": "linux_sg",
      "provider": "provider[\"registry.terraform.io/hashicorp/aws\"]",
      "instances": [
        {
          "schema_version": 1,
          "attributes": {
            "arn": "arn:aws:ec2:us-east-2:222634359853:security-group/sg-01a5a27c2646a73b1",
            "description": "Allow inbound traffic for SSH, MYSQL",
            "egress": [
              {
                "cidr_blocks": [
                  "0.0.0.0/0"
                ],
                "description": "",
                "from_port": 0,
                "ipv6_cidr_blocks": [],
                "prefix_list_ids": [],
                "protocol": "-1",
                "security_groups": [],
                "self": false,
                "to_port": 0
              }
            ],
            "id": "sg-01a5a27c2646a73b1",
            "ingress": [
              {
                "cidr_blocks": [
                  "10.0.0.0/20"
                ],
                "description": "",
                "from_port": 22,
                "ipv6_cidr_blocks": [],
                "prefix_list_ids": [],
                "protocol": "tcp",
                "security_groups": [],
                "self": false,
                "to_port": 22
              },
              {
                "cidr_blocks": [
                  "10.0.0.0/20"
                ],
                "description": "",
                "from_port": 3306,
                "ipv6_cidr_blocks": [],
                "prefix_list_ids": [],
                "protocol": "tcp",
                "security_groups": [],
                "self": false,
                "to_port": 3306
              }
            ],
            "name": "Linux SG",
            "name_prefix": "",
            "owner_id": "222634359853",
            "revoke_rules_on_delete": false,
            "tags": {
              "Name": "unlikely-sunny-goldfish-linux-sg"
            },
            "tags_all": {
              "Name": "unlikely-sunny-goldfish-linux-sg"
            },
            "timeouts": null,
            "vpc_id": "vpc-0fe8c7eba107a72ec"
          },
          "sensitive_attributes": [],
          "private": "eyJlMmJmYjczMC1lY2FhLTExZTYtOGY4OC0zNDM2M2JjN2M0YzAiOnsiY3JlYXRlIjo2MDAwMDAwMDAwMDAsImRlbGV0ZSI6OTAwMDAwMDAwMDAwfSwic2NoZW1hX3ZlcnNpb24iOiIxIn0=",
          "dependencies": [
            "aws_vpc.vpc01",
            "random_pet.pet_name"
          ]
        }
      ]
    },
    {
      "mode": "managed",
      "type": "aws_security_group",
      "name": "windows_sg",
      "provider": "provider[\"registry.terraform.io/hashicorp/aws\"]",
      "instances": [
        {
          "schema_version": 1,
          "attributes": {
            "arn": "arn:aws:ec2:us-east-2:222634359853:security-group/sg-0683069b0f5aa1f84",
            "description": "Allow inbound traffic for HTTP, HTTPS, RDP",
            "egress": [
              {
                "cidr_blocks": [
                  "0.0.0.0/0"
                ],
                "description": "",
                "from_port": 0,
                "ipv6_cidr_blocks": [],
                "prefix_list_ids": [],
                "protocol": "-1",
                "security_groups": [],
                "self": false,
                "to_port": 0
              }
            ],
            "id": "sg-0683069b0f5aa1f84",
            "ingress": [
              {
                "cidr_blocks": [
                  "0.0.0.0/0"
                ],
                "description": "",
                "from_port": 3389,
                "ipv6_cidr_blocks": [],
                "prefix_list_ids": [],
                "protocol": "tcp",
                "security_groups": [],
                "self": false,
                "to_port": 3389
              },
              {
                "cidr_blocks": [
                  "0.0.0.0/0"
                ],
                "description": "",
                "from_port": 443,
                "ipv6_cidr_blocks": [],
                "prefix_list_ids": [],
                "protocol": "tcp",
                "security_groups": [],
                "self": false,
                "to_port": 443
              },
              {
                "cidr_blocks": [
                  "0.0.0.0/0"
                ],
                "description": "",
                "from_port": 80,
                "ipv6_cidr_blocks": [],
                "prefix_list_ids": [],
                "protocol": "tcp",
                "security_groups": [],
                "self": false,
                "to_port": 80
              }
            ],
            "name": "Windows SG",
            "name_prefix": "",
            "owner_id": "222634359853",
            "revoke_rules_on_delete": false,
            "tags": {
              "Name": "unlikely-sunny-goldfish-windows-sg"
            },
            "tags_all": {
              "Name": "unlikely-sunny-goldfish-windows-sg"
            },
            "timeouts": null,
            "vpc_id": "vpc-0fe8c7eba107a72ec"
          },
          "sensitive_attributes": [],
          "private": "eyJlMmJmYjczMC1lY2FhLTExZTYtOGY4OC0zNDM2M2JjN2M0YzAiOnsiY3JlYXRlIjo2MDAwMDAwMDAwMDAsImRlbGV0ZSI6OTAwMDAwMDAwMDAwfSwic2NoZW1hX3ZlcnNpb24iOiIxIn0=",
          "dependencies": [
            "aws_vpc.vpc01",
            "random_pet.pet_name"
          ]
        }
      ]
    },
    {
      "mode": "managed",
      "type": "aws_subnet",
      "name": "private_subnet",
      "provider": "provider[\"registry.terraform.io/hashicorp/aws\"]",
      "instances": [
        {
          "schema_version": 1,
          "attributes": {
            "arn": "arn:aws:ec2:us-east-2:222634359853:subnet/subnet-0c06d4ea7d092a5d4",
            "assign_ipv6_address_on_creation": false,
            "availability_zone": "us-east-2b",
            "availability_zone_id": "use2-az2",
            "cidr_block": "10.0.8.0/21",
            "customer_owned_ipv4_pool": "",
            "enable_dns64": false,
            "enable_lni_at_device_index": 0,
            "enable_resource_name_dns_a_record_on_launch": false,
            "enable_resource_name_dns_aaaa_record_on_launch": false,
            "id": "subnet-0c06d4ea7d092a5d4",
            "ipv6_cidr_block": "",
            "ipv6_cidr_block_association_id": "",
            "ipv6_native": false,
            "map_customer_owned_ip_on_launch": false,
            "map_public_ip_on_launch": false,
            "outpost_arn": "",
            "owner_id": "222634359853",
            "private_dns_hostname_type_on_launch": "ip-name",
            "tags": {
              "Name": "unlikely-sunny-goldfish-private"
            },
            "tags_all": {
              "Name": "unlikely-sunny-goldfish-private"
            },
            "timeouts": null,
            "vpc_id": "vpc-0fe8c7eba107a72ec"
          },
          "sensitive_attributes": [],
          "private": "eyJlMmJmYjczMC1lY2FhLTExZTYtOGY4OC0zNDM2M2JjN2M0YzAiOnsiY3JlYXRlIjo2MDAwMDAwMDAwMDAsImRlbGV0ZSI6MTIwMDAwMDAwMDAwMH0sInNjaGVtYV92ZXJzaW9uIjoiMSJ9",
          "dependencies": [
            "aws_vpc.vpc01",
            "random_pet.pet_name"
          ]
        }
      ]
    },
    {
      "mode": "managed",
      "type": "aws_subnet",
      "name": "public_subnet",
      "provider": "provider[\"registry.terraform.io/hashicorp/aws\"]",
      "instances": [
        {
          "schema_version": 1,
          "attributes": {
            "arn": "arn:aws:ec2:us-east-2:222634359853:subnet/subnet-08f2488e997ac2340",
            "assign_ipv6_address_on_creation": false,
            "availability_zone": "us-east-2c",
            "availability_zone_id": "use2-az3",
            "cidr_block": "10.0.0.0/21",
            "customer_owned_ipv4_pool": "",
            "enable_dns64": false,
            "enable_lni_at_device_index": 0,
            "enable_resource_name_dns_a_record_on_launch": false,
            "enable_resource_name_dns_aaaa_record_on_launch": false,
            "id": "subnet-08f2488e997ac2340",
            "ipv6_cidr_block": "",
            "ipv6_cidr_block_association_id": "",
            "ipv6_native": false,
            "map_customer_owned_ip_on_launch": false,
            "map_public_ip_on_launch": false,
            "outpost_arn": "",
            "owner_id": "222634359853",
            "private_dns_hostname_type_on_launch": "ip-name",
            "tags": {
              "Name": "unlikely-sunny-goldfish-public"
            },
            "tags_all": {
              "Name": "unlikely-sunny-goldfish-public"
            },
            "timeouts": null,
            "vpc_id": "vpc-0fe8c7eba107a72ec"
          },
          "sensitive_attributes": [],
          "private": "eyJlMmJmYjczMC1lY2FhLTExZTYtOGY4OC0zNDM2M2JjN2M0YzAiOnsiY3JlYXRlIjo2MDAwMDAwMDAwMDAsImRlbGV0ZSI6MTIwMDAwMDAwMDAwMH0sInNjaGVtYV92ZXJzaW9uIjoiMSJ9",
          "dependencies": [
            "aws_vpc.vpc01",
            "random_pet.pet_name"
          ]
        }
      ]
    },
    {
      "mode": "managed",
      "type": "aws_vpc",
      "name": "vpc01",
      "provider": "provider[\"registry.terraform.io/hashicorp/aws\"]",
      "instances": [
        {
          "schema_version": 1,
          "attributes": {
            "arn": "arn:aws:ec2:us-east-2:222634359853:vpc/vpc-0fe8c7eba107a72ec",
            "assign_generated_ipv6_cidr_block": false,
            "cidr_block": "10.0.0.0/20",
            "default_network_acl_id": "acl-0af2873ca7727fecd",
            "default_route_table_id": "rtb-0c74e95f8a8bab1a6",
            "default_security_group_id": "sg-04dcfc54962b3f268",
            "dhcp_options_id": "dopt-077ba5b8b40fe3a2e",
            "enable_dns_hostnames": false,
            "enable_dns_support": true,
            "enable_network_address_usage_metrics": false,
            "id": "vpc-0fe8c7eba107a72ec",
            "instance_tenancy": "default",
            "ipv4_ipam_pool_id": null,
            "ipv4_netmask_length": null,
            "ipv6_association_id": "",
            "ipv6_cidr_block": "",
            "ipv6_cidr_block_network_border_group": "",
            "ipv6_ipam_pool_id": "",
            "ipv6_netmask_length": 0,
            "main_route_table_id": "rtb-0c74e95f8a8bab1a6",
            "owner_id": "222634359853",
            "tags": {
              "Name": "unlikely-sunny-goldfish"
            },
            "tags_all": {
              "Name": "unlikely-sunny-goldfish"
            }
          },
          "sensitive_attributes": [],
          "private": "eyJzY2hlbWFfdmVyc2lvbiI6IjEifQ==",
          "dependencies": [
            "random_pet.pet_name"
          ]
        }
      ]
    },
    {
      "mode": "managed",
      "type": "local_file",
      "name": "private_key",
      "provider": "provider[\"registry.terraform.io/hashicorp/local\"]",
      "instances": [
        {
          "schema_version": 0,
          "attributes": {
            "content": "-----BEGIN RSA PRIVATE KEY-----\nMIIJKQIBAAKCAgEAxJtn45ZqZd4NAnQ9GaiLdKpaI+BcJrn5i8nsuPaBEnMVqaP6\ntFWxF/MrR+N3TJEN4XWpyOingfaL9zfqOf1s+kc5kb+dUWNF6C/z4X5u8Ud23TI4\nxqj2F1uulW9voK4AJcWf7zS04emzp3jYl57bOOMiPqZSW13Vig23x0SjtwvZ8rHL\nN+fCGFtTUCEgG7zMC65e7YxCcdfRvF2XHCfIv0Yte+zu1NlSRSHmahTPYi4tkqA2\nb6+5XtJ511xLGHuwUKUUZhQ8+iwezRFcLIVc71k/8S2oXXuwwcnghaBdets+F0vO\n2ipptONR3zCabqCacgQZjJhrsTFVwpB2qcUpoH9936cXqWWLte5W+FpDzGwnSb5Y\ns8sCXxAsC7cdL+Qj7O54mEqhTHk9Rr0IpvW/N/MzUFX+HdgtKRvWEl6Eq/YZ91oA\n1OuLF7uaHuq1sDD6iJafdKTkByFEyakI5QBVJ8lZQBLMHnoonHrynk4W11ge0BTL\n6bAJS3HMyjy/PxQ8E+lo3hBhZNBIdJ9tyOXAEMIvcV+mXPPlfKMkegfYoH180rwm\nyxr4MCKXvJhmpwxnbngzr37taVXakMSwbV6y3uyz69QJeLHkhifOaVxqk0QArG+l\nCtTnzvjYQFgvb1j7DxnWeVgMpg/UFHsYa8J02f8ZF/rXwIMbiyq6dqJChUUCAwEA\nAQKCAgEAgV0IBJYKODDdOoolUea2q/MTEJwlxk2ER1h77FA2KV+UF2UQJuxjdDDK\nf6jJ7JVdHsZ/CvUakscY3XfrJHD97chDtwTvjIfXjalPvUWl1hiBu5W6Ce1Oz5vB\nyg3i00TqT/AzBgAWLLfLQByh11HtSQcal0J02i1pvka8b99YIa8onyohXw2dhs1A\nim7hY57cW6tGRuONLL8m/9xM+3ep/UE92FbT5zV/joF5zL8Yna9oyRul9eMYA65W\nAUB3IQrxvn6AZ5JVdP7m3WPY1GqD9fExw42ZRLmIWlps4z/bgmUT+9wjpSVXHHCe\nhE7Erpn6RZ8w+HOqGJMvrK/FhHt4oT0l3EyExKt4KlWqs38zWs9rlUCxEjd5nuNP\nCpmVpiGtvUJz2XOaUh6yeBHH2rTFpfN1Fz9SULKrjfeX06ngSIKuwIKgBMPDwrSs\nruUY7yu4Ycw73CDwpyToVzmNYfvIiEg+qsE0LjH93nRzWlxb0lUBRg1sNg4PMBOY\ndXoj0LjBgYuJu46YvV4ANc1IobX7brlfzXmOtkUuClcbQqtmRnhYAVcbnxQibHoG\ntfbgi0MEnzYI++Kg5kyiAJ3hnJWaIZX2DgOZvLa1oWj4fZT9quIugeXbEHk1tpwo\nCmT90422SjsSZ8bS15EwJHlq6Q081TGpxpm5fbL4FjAKnAVtW9kCggEBANnpdf2X\nX3NIi7pkeqKCXnzBNd0+UnLzosQhpPIe3+EbWrD68u+BlUDn2VsI7U4z5RAttWK5\ngA9ccfnpWUXc3SHzYQySBPYF1zRtUj/hYCr9muZNPYmIyvsdyRODmVREc7HjIyiI\nTLO4uz6VEXFZ0OqXC9qAzcS1IryhcyGu0M4sjpDwLlQm/wwAHjtY5CAHtZdd4gsH\nXbFzy2+I29MgcBnTGdGXdgykrjsrPCADJ/1JTc2HEGlaxC5OO1aXuocmXoWHV0Zn\nYzQv9p8ISO64sEL7wCbzQJlfNEZceBarqIT5uQ6DURXnWshPWc6piQm7vmPztLX5\n84fURBQlgNkS6YsCggEBAOb4pnyaFRvZe1ucGBhK0LFMkeCE8xLQQZG2qOBTAaPn\ny59nOs7s6VrblDsRHd+JXEKYf1eox4BW2BkLcZLI00N6pJb5DoJDbHr5DujhUvnY\nItFtCO1Ii8ALjOpExFtxStSPxu3zs7kLJ/ODFrmIcjJhRFwwqJGSOErshjEOxncP\ncqadJJEE+tTcNWXoU8ixjGy8aJR2cGCEblwrXoaLamYF33A/Vz36BtWtl11KcV8r\nCFKSxhQVgcxxUIbvHZZoYD/mQUOg3vplhPy6pFT6qKvhJfZV7KPEov9V4SLeVL2N\nwwhvk648hxvTlOtLQ1JgQegFFDg4hybp/oefa4uCBm8CggEBAJQgW6FPNYYDCWBh\nju9K2XnKSJglFhynurvB9wLSs/KsCoEFhQADwPZG4/w63Dztj8bom0UJvaAzghKU\naafQ08yRSSYnWBH4tGoh6egchqeSjqoAVVVZVElQ3O9T5HVgtph0QuD5jdIZP8bx\nw9KecCIXHOqh5b3SN1OsF7wMvkl4Bk1FxuhTPcnlhqdm7GNNekXzfoVqs2i9wssF\naBBjG3CijAlqAMflZb44zH0iSBunqaiNKD3FglfLvBBHwXa/QT9ZWZ01CD1gYS+H\njTQg/Uf7I4oWjpHzInC1yLf4ZexGaGISJ5tREefZ8L1HhyzDn08ISY3t43owczqS\np7xnW7MCggEACELMcZhxONXGe7hRhEzoue6rKQSYTQv1zGhkEeHmJR6dQc5HZC9F\nCWLhIluyXdRj4F3j8BaxS/3PLNYj8cQNClTQnjW6Nx6COsO9rMaiWR1J4YOs1g/K\nL8w59gcPntWmf4PE8a3Nt8iWXTdLEMe4jeS8tS9oWAyKxuM+yXJl1sxOpXbpX+Z1\nsjdOEZ8FoB/5jcoPU4AI9OrHp7RFZTqHS67aFwGs9SKELBBRYZzQAT9gxNNLElzS\nj6Vd4/WZcU+6YY6ytuCCGSKYZxGl3wQ4FC2xVeYs2I6n5coEi2K4VS9E0oBrH8g6\nbNxcby358nBO6yWDW59p9hJYcDFbf1nfMQKCAQAwaA43/EW2QIQF7Gg96ZGcuXt/\nhcAJ1Yt+zNCNjbtzqa4p/kivUU6j+Jqsh9cQMWQmty1RXX94E2Ez0Lo6niIiBGaW\nJIQjAiCFi4xqHmKReWVoMD6edMwtJuuPnTpyzrHdLppu8koQuGcQwSWPTxvKNARa\ntg/Qw1V8dqDpfQbW24KgP+EIDc3gci8rf1qarpImmxK80uA+uzODXKmv2cFZcUqk\nRh5a4328kDJPxYzEecRGIVLSWlGy8s84RdFiFbIXYC010jl8AobmZ1JX5+rXUERr\nJ30vq0DT8DV3hZzhyw74ByLrnBm1Q8JtKf37pq1FzWqvMJrNkewTB0a1xfPJ\n-----END RSA PRIVATE KEY-----\n",
            "content_base64": null,
            "content_base64sha256": "KbHT4h+G1pmFwD8EGG/SMb7H2nH+w8g6/mMlJCfr7Pg=",
            "content_base64sha512": "Xzgkhsp677XXKjtcQcEZDpPkBcZW1spBckTQNWnbuLmzBm6XeCZR8GvuMx14FCbowUtqLRFpo7y+Vg8G35aV4Q==",
            "content_md5": "b4c59857deb1fb010c093382f0a57024",
            "content_sha1": "237df48732d0d0256135a816b5eb5a7f4d094ba9",
            "content_sha256": "29b1d3e21f86d69985c03f04186fd231bec7da71fec3c83afe63252427ebecf8",
            "content_sha512": "5f382486ca7aefb5d72a3b5c41c1190e93e405c656d6ca417244d03569dbb8b9b3066e97782651f06bee331d781426e8c14b6a2d1169a3bcbe560f06df9695e1",
            "directory_permission": "0777",
            "file_permission": "0400",
            "filename": "./unlikely-sunny-goldfish",
            "id": "237df48732d0d0256135a816b5eb5a7f4d094ba9",
            "sensitive_content": null,
            "source": null
          },
          "sensitive_attributes": [
            [
              {
                "type": "get_attr",
                "value": "sensitive_content"
              }
            ],
            [
              {
                "type": "get_attr",
                "value": "content"
              }
            ]
          ],
          "dependencies": [
            "random_pet.pet_name",
            "tls_private_key.ec2_key"
          ]
        }
      ]
    },
    {
      "mode": "managed",
      "type": "local_file",
      "name": "rdp_file",
      "provider": "provider[\"registry.terraform.io/hashicorp/local\"]",
      "instances": [
        {
          "schema_version": 0,
          "attributes": {
            "content": "full address:s:3.147.152.165\r\nprompt for credentials:i:1\r\nadministrative session:i:1\r\nusername:s:Administrator",
            "content_base64": null,
            "content_base64sha256": "9tce1LF9b2oaKE8FjRhRuq9KQXn4Utlkp+Sof5RV7l4=",
            "content_base64sha512": "LIUTWrL40+39ZZkD/PiHhWddfHN1V2EgiHXiFDSINxUL1TQU6SZvg62F+jyNI7gcC5qYJbPs5tkz1WaJ4N6Jew==",
            "content_md5": "9fc466869a7126772f97f2c61f1152df",
            "content_sha1": "2355243f44acb8026fdc87714633b74ee3bafeac",
            "content_sha256": "f6d71ed4b17d6f6a1a284f058d1851baaf4a4179f852d964a7e4a87f9455ee5e",
            "content_sha512": "2c85135ab2f8d3edfd659903fcf88785675d7c73755761208875e214348837150bd53414e9266f83ad85fa3c8d23b81c0b9a9825b3ece6d933d56689e0de897b",
            "directory_permission": "0777",
            "file_permission": "0777",
            "filename": "./unlikely-sunny-goldfish-windows.rdp",
            "id": "2355243f44acb8026fdc87714633b74ee3bafeac",
            "sensitive_content": null,
            "source": null
          },
          "sensitive_attributes": [
            [
              {
                "type": "get_attr",
                "value": "sensitive_content"
              }
            ]
          ],
          "dependencies": [
            "aws_eip.windows_eip",
            "random_pet.pet_name"
          ]
        }
      ]
    },
    {
      "mode": "managed",
      "type": "local_file",
      "name": "rdp_file_1",
      "provider": "provider[\"registry.terraform.io/hashicorp/local\"]",
      "instances": [
        {
          "schema_version": 0,
          "attributes": {
            "content": "auto connect:i:1\r\nfull address:s:3.147.152.165\r\nusername:s:Administrator\r\naudiomode:i:2\r\naudiocapturemode:i:1\r\n",
            "content_base64": null,
            "content_base64sha256": "vwQo4TUbZxNLfgLbHS12aBnjBthIHyZuN35J+ANgnYw=",
            "content_base64sha512": "rRu7E1661LK/PbgY5jkEV1gYvjb6FhF2IO5IDrgqjX2y6QBm49r+vnS31S41caFp3lRxMqv41GUmzLR5fsuAzA==",
            "content_md5": "eab0321f3b239694655f3261f66f3dbc",
            "content_sha1": "1390d95c1a67808777d783e91aeb48db2df7ff93",
            "content_sha256": "bf0428e1351b67134b7e02db1d2d766819e306d8481f266e377e49f803609d8c",
            "content_sha512": "ad1bbb135ebad4b2bf3db818e63904575818be36fa16117620ee480eb82a8d7db2e90066e3dafebe74b7d52e3571a169de547132abf8d46526ccb4797ecb80cc",
            "directory_permission": "0777",
            "file_permission": "0777",
            "filename": "unlikely-sunny-goldfish-windows1.rdp",
            "id": "1390d95c1a67808777d783e91aeb48db2df7ff93",
            "sensitive_content": null,
            "source": null
          },
          "sensitive_attributes": [
            [
              {
                "type": "get_attr",
                "value": "sensitive_content"
              }
            ]
          ],
          "dependencies": [
            "aws_eip.windows_eip",
            "aws_instance.my_windows_server",
            "aws_key_pair.ec2_key",
            "aws_security_group.windows_sg",
            "aws_subnet.public_subnet",
            "aws_vpc.vpc01",
            "data.aws_ami.windows",
            "random_pet.pet_name",
            "tls_private_key.ec2_key"
          ]
        }
      ]
    },
    {
      "mode": "managed",
      "type": "null_resource",
      "name": "rdp_exec",
      "provider": "provider[\"registry.terraform.io/hashicorp/null\"]",
      "instances": [
        {
          "schema_version": 0,
          "attributes": {
            "id": "8986576418520354840",
            "triggers": {
              "always_run": "2025-03-28T23:01:34Z",
              "windows_dns": ""
            }
          },
          "sensitive_attributes": [],
          "dependencies": [
            "aws_eip.windows_eip",
            "aws_instance.my_windows_server",
            "aws_key_pair.ec2_key",
            "aws_security_group.windows_sg",
            "aws_subnet.public_subnet",
            "aws_vpc.vpc01",
            "data.aws_ami.windows",
            "local_file.rdp_file_1",
            "random_pet.pet_name",
            "tls_private_key.ec2_key"
          ]
        }
      ]
    },
    {
      "mode": "managed",
      "type": "random_pet",
      "name": "pet_name",
      "provider": "provider[\"registry.terraform.io/hashicorp/random\"]",
      "instances": [
        {
          "schema_version": 0,
          "attributes": {
            "id": "unlikely-sunny-goldfish",
            "keepers": null,
            "length": 3,
            "prefix": null,
            "separator": "-"
          },
          "sensitive_attributes": []
        }
      ]
    },
    {
      "mode": "managed",
      "type": "tls_private_key",
      "name": "ec2_key",
      "provider": "provider[\"registry.terraform.io/hashicorp/tls\"]",
      "instances": [
        {
          "schema_version": 1,
          "attributes": {
            "algorithm": "RSA",
            "ecdsa_curve": "P224",
            "id": "a20fb9207597721df1779fc2371362434b979505",
            "private_key_openssh": "-----BEGIN OPENSSH PRIVATE KEY-----\nb3BlbnNzaC1rZXktdjEAAAAABG5vbmUAAAAEbm9uZQAAAAAAAAABAAACFwAAAAdz\nc2gtcnNhAAAAAwEAAQAAAgEAxJtn45ZqZd4NAnQ9GaiLdKpaI+BcJrn5i8nsuPaB\nEnMVqaP6tFWxF/MrR+N3TJEN4XWpyOingfaL9zfqOf1s+kc5kb+dUWNF6C/z4X5u\n8Ud23TI4xqj2F1uulW9voK4AJcWf7zS04emzp3jYl57bOOMiPqZSW13Vig23x0Sj\ntwvZ8rHLN+fCGFtTUCEgG7zMC65e7YxCcdfRvF2XHCfIv0Yte+zu1NlSRSHmahTP\nYi4tkqA2b6+5XtJ511xLGHuwUKUUZhQ8+iwezRFcLIVc71k/8S2oXXuwwcnghaBd\nets+F0vO2ipptONR3zCabqCacgQZjJhrsTFVwpB2qcUpoH9936cXqWWLte5W+FpD\nzGwnSb5Ys8sCXxAsC7cdL+Qj7O54mEqhTHk9Rr0IpvW/N/MzUFX+HdgtKRvWEl6E\nq/YZ91oA1OuLF7uaHuq1sDD6iJafdKTkByFEyakI5QBVJ8lZQBLMHnoonHrynk4W\n11ge0BTL6bAJS3HMyjy/PxQ8E+lo3hBhZNBIdJ9tyOXAEMIvcV+mXPPlfKMkegfY\noH180rwmyxr4MCKXvJhmpwxnbngzr37taVXakMSwbV6y3uyz69QJeLHkhifOaVxq\nk0QArG+lCtTnzvjYQFgvb1j7DxnWeVgMpg/UFHsYa8J02f8ZF/rXwIMbiyq6dqJC\nhUUAAAc4B8a0FgfGtBYAAAAHc3NoLXJzYQAAAgEAxJtn45ZqZd4NAnQ9GaiLdKpa\nI+BcJrn5i8nsuPaBEnMVqaP6tFWxF/MrR+N3TJEN4XWpyOingfaL9zfqOf1s+kc5\nkb+dUWNF6C/z4X5u8Ud23TI4xqj2F1uulW9voK4AJcWf7zS04emzp3jYl57bOOMi\nPqZSW13Vig23x0SjtwvZ8rHLN+fCGFtTUCEgG7zMC65e7YxCcdfRvF2XHCfIv0Yt\ne+zu1NlSRSHmahTPYi4tkqA2b6+5XtJ511xLGHuwUKUUZhQ8+iwezRFcLIVc71k/\n8S2oXXuwwcnghaBdets+F0vO2ipptONR3zCabqCacgQZjJhrsTFVwpB2qcUpoH99\n36cXqWWLte5W+FpDzGwnSb5Ys8sCXxAsC7cdL+Qj7O54mEqhTHk9Rr0IpvW/N/Mz\nUFX+HdgtKRvWEl6Eq/YZ91oA1OuLF7uaHuq1sDD6iJafdKTkByFEyakI5QBVJ8lZ\nQBLMHnoonHrynk4W11ge0BTL6bAJS3HMyjy/PxQ8E+lo3hBhZNBIdJ9tyOXAEMIv\ncV+mXPPlfKMkegfYoH180rwmyxr4MCKXvJhmpwxnbngzr37taVXakMSwbV6y3uyz\n69QJeLHkhifOaVxqk0QArG+lCtTnzvjYQFgvb1j7DxnWeVgMpg/UFHsYa8J02f8Z\nF/rXwIMbiyq6dqJChUUAAAADAQABAAACAQCBXQgElgo4MN06iiVR5rar8xMQnCXG\nTYRHWHvsUDYpX5QXZRAm7GN0MMp/qMnslV0exn8K9RqSxxjdd+skcP3tyEO3BO+M\nh9eNqU+9RaXWGIG7lboJ7U7Pm8HKDeLTROpP8DMGABYst8tAHKHXUe1JBxqXQnTa\nLWm+Rrxv31ghryifKiFfDZ2GzUCKbuFjntxbq0ZG440svyb/3Ez7d6n9QT3YVtPn\nNX+OgXnMvxidr2jJG6X14xgDrlYBQHchCvG+foBnklV0/ubdY9jUaoP18THDjZlE\nuYhaWmzjP9uCZRP73COlJVcccJ6ETsSumfpFnzD4c6oYky+sr8WEe3ihPSXcTITE\nq3gqVaqzfzNaz2uVQLESN3me408KmZWmIa29QnPZc5pSHrJ4EcfatMWl83UXP1JQ\nsquN95fTqeBIgq7AgqAEw8PCtKyu5RjvK7hhzDvcIPCnJOhXOY1h+8iISD6qwTQu\nMf3edHNaXFvSVQFGDWw2Dg8wE5h1eiPQuMGBi4m7jpi9XgA1zUihtftuuV/NeY62\nRS4KVxtCq2ZGeFgBVxufFCJsega19uCLQwSfNgj74qDmTKIAneGclZohlfYOA5m8\ntrWhaPh9lP2q4i6B5dsQeTW2nCgKZP3TjbZKOxJnxtLXkTAkeWrpDTzVManGmbl9\nsvgWMAqcBW1b2QAAAQAwaA43/EW2QIQF7Gg96ZGcuXt/hcAJ1Yt+zNCNjbtzqa4p\n/kivUU6j+Jqsh9cQMWQmty1RXX94E2Ez0Lo6niIiBGaWJIQjAiCFi4xqHmKReWVo\nMD6edMwtJuuPnTpyzrHdLppu8koQuGcQwSWPTxvKNARatg/Qw1V8dqDpfQbW24Kg\nP+EIDc3gci8rf1qarpImmxK80uA+uzODXKmv2cFZcUqkRh5a4328kDJPxYzEecRG\nIVLSWlGy8s84RdFiFbIXYC010jl8AobmZ1JX5+rXUERrJ30vq0DT8DV3hZzhyw74\nByLrnBm1Q8JtKf37pq1FzWqvMJrNkewTB0a1xfPJAAABAQDZ6XX9l19zSIu6ZHqi\ngl58wTXdPlJy86LEIaTyHt/hG1qw+vLvgZVA59lbCO1OM+UQLbViuYAPXHH56VlF\n3N0h82EMkgT2Bdc0bVI/4WAq/ZrmTT2JiMr7HckTg5lURHOx4yMoiEyzuLs+lRFx\nWdDqlwvagM3EtSK8oXMhrtDOLI6Q8C5UJv8MAB47WOQgB7WXXeILB12xc8tviNvT\nIHAZ0xnRl3YMpK47KzwgAyf9SU3NhxBpWsQuTjtWl7qHJl6Fh1dGZ2M0L/afCEju\nuLBC+8Am80CZXzRGXHgWq6iE+bkOg1EV51rIT1nOqYkJu75j87S1+fOH1EQUJYDZ\nEumLAAABAQDm+KZ8mhUb2XtbnBgYStCxTJHghPMS0EGRtqjgUwGj58ufZzrO7Ola\n25Q7ER3fiVxCmH9XqMeAVtgZC3GSyNNDeqSW+Q6CQ2x6+Q7o4VL52CLRbQjtSIvA\nC4zqRMRbcUrUj8bt87O5Cyfzgxa5iHIyYURcMKiRkjhK7IYxDsZ3D3KmnSSRBPrU\n3DVl6FPIsYxsvGiUdnBghG5cK16Gi2pmBd9wP1c9+gbVrZddSnFfKwhSksYUFYHM\ncVCG7x2WaGA/5kFDoN76ZYT8uqRU+qir4SX2VeyjxKL/VeEi3lS9jcMIb5OuPIcb\n05TrS0NSYEHoBRQ4OIcm6f6Hn2uLggZvAAAAAAEC\n-----END OPENSSH PRIVATE KEY-----\n",
            "private_key_pem": "-----BEGIN RSA PRIVATE KEY-----\nMIIJKQIBAAKCAgEAxJtn45ZqZd4NAnQ9GaiLdKpaI+BcJrn5i8nsuPaBEnMVqaP6\ntFWxF/MrR+N3TJEN4XWpyOingfaL9zfqOf1s+kc5kb+dUWNF6C/z4X5u8Ud23TI4\nxqj2F1uulW9voK4AJcWf7zS04emzp3jYl57bOOMiPqZSW13Vig23x0SjtwvZ8rHL\nN+fCGFtTUCEgG7zMC65e7YxCcdfRvF2XHCfIv0Yte+zu1NlSRSHmahTPYi4tkqA2\nb6+5XtJ511xLGHuwUKUUZhQ8+iwezRFcLIVc71k/8S2oXXuwwcnghaBdets+F0vO\n2ipptONR3zCabqCacgQZjJhrsTFVwpB2qcUpoH9936cXqWWLte5W+FpDzGwnSb5Y\ns8sCXxAsC7cdL+Qj7O54mEqhTHk9Rr0IpvW/N/MzUFX+HdgtKRvWEl6Eq/YZ91oA\n1OuLF7uaHuq1sDD6iJafdKTkByFEyakI5QBVJ8lZQBLMHnoonHrynk4W11ge0BTL\n6bAJS3HMyjy/PxQ8E+lo3hBhZNBIdJ9tyOXAEMIvcV+mXPPlfKMkegfYoH180rwm\nyxr4MCKXvJhmpwxnbngzr37taVXakMSwbV6y3uyz69QJeLHkhifOaVxqk0QArG+l\nCtTnzvjYQFgvb1j7DxnWeVgMpg/UFHsYa8J02f8ZF/rXwIMbiyq6dqJChUUCAwEA\nAQKCAgEAgV0IBJYKODDdOoolUea2q/MTEJwlxk2ER1h77FA2KV+UF2UQJuxjdDDK\nf6jJ7JVdHsZ/CvUakscY3XfrJHD97chDtwTvjIfXjalPvUWl1hiBu5W6Ce1Oz5vB\nyg3i00TqT/AzBgAWLLfLQByh11HtSQcal0J02i1pvka8b99YIa8onyohXw2dhs1A\nim7hY57cW6tGRuONLL8m/9xM+3ep/UE92FbT5zV/joF5zL8Yna9oyRul9eMYA65W\nAUB3IQrxvn6AZ5JVdP7m3WPY1GqD9fExw42ZRLmIWlps4z/bgmUT+9wjpSVXHHCe\nhE7Erpn6RZ8w+HOqGJMvrK/FhHt4oT0l3EyExKt4KlWqs38zWs9rlUCxEjd5nuNP\nCpmVpiGtvUJz2XOaUh6yeBHH2rTFpfN1Fz9SULKrjfeX06ngSIKuwIKgBMPDwrSs\nruUY7yu4Ycw73CDwpyToVzmNYfvIiEg+qsE0LjH93nRzWlxb0lUBRg1sNg4PMBOY\ndXoj0LjBgYuJu46YvV4ANc1IobX7brlfzXmOtkUuClcbQqtmRnhYAVcbnxQibHoG\ntfbgi0MEnzYI++Kg5kyiAJ3hnJWaIZX2DgOZvLa1oWj4fZT9quIugeXbEHk1tpwo\nCmT90422SjsSZ8bS15EwJHlq6Q081TGpxpm5fbL4FjAKnAVtW9kCggEBANnpdf2X\nX3NIi7pkeqKCXnzBNd0+UnLzosQhpPIe3+EbWrD68u+BlUDn2VsI7U4z5RAttWK5\ngA9ccfnpWUXc3SHzYQySBPYF1zRtUj/hYCr9muZNPYmIyvsdyRODmVREc7HjIyiI\nTLO4uz6VEXFZ0OqXC9qAzcS1IryhcyGu0M4sjpDwLlQm/wwAHjtY5CAHtZdd4gsH\nXbFzy2+I29MgcBnTGdGXdgykrjsrPCADJ/1JTc2HEGlaxC5OO1aXuocmXoWHV0Zn\nYzQv9p8ISO64sEL7wCbzQJlfNEZceBarqIT5uQ6DURXnWshPWc6piQm7vmPztLX5\n84fURBQlgNkS6YsCggEBAOb4pnyaFRvZe1ucGBhK0LFMkeCE8xLQQZG2qOBTAaPn\ny59nOs7s6VrblDsRHd+JXEKYf1eox4BW2BkLcZLI00N6pJb5DoJDbHr5DujhUvnY\nItFtCO1Ii8ALjOpExFtxStSPxu3zs7kLJ/ODFrmIcjJhRFwwqJGSOErshjEOxncP\ncqadJJEE+tTcNWXoU8ixjGy8aJR2cGCEblwrXoaLamYF33A/Vz36BtWtl11KcV8r\nCFKSxhQVgcxxUIbvHZZoYD/mQUOg3vplhPy6pFT6qKvhJfZV7KPEov9V4SLeVL2N\nwwhvk648hxvTlOtLQ1JgQegFFDg4hybp/oefa4uCBm8CggEBAJQgW6FPNYYDCWBh\nju9K2XnKSJglFhynurvB9wLSs/KsCoEFhQADwPZG4/w63Dztj8bom0UJvaAzghKU\naafQ08yRSSYnWBH4tGoh6egchqeSjqoAVVVZVElQ3O9T5HVgtph0QuD5jdIZP8bx\nw9KecCIXHOqh5b3SN1OsF7wMvkl4Bk1FxuhTPcnlhqdm7GNNekXzfoVqs2i9wssF\naBBjG3CijAlqAMflZb44zH0iSBunqaiNKD3FglfLvBBHwXa/QT9ZWZ01CD1gYS+H\njTQg/Uf7I4oWjpHzInC1yLf4ZexGaGISJ5tREefZ8L1HhyzDn08ISY3t43owczqS\np7xnW7MCggEACELMcZhxONXGe7hRhEzoue6rKQSYTQv1zGhkEeHmJR6dQc5HZC9F\nCWLhIluyXdRj4F3j8BaxS/3PLNYj8cQNClTQnjW6Nx6COsO9rMaiWR1J4YOs1g/K\nL8w59gcPntWmf4PE8a3Nt8iWXTdLEMe4jeS8tS9oWAyKxuM+yXJl1sxOpXbpX+Z1\nsjdOEZ8FoB/5jcoPU4AI9OrHp7RFZTqHS67aFwGs9SKELBBRYZzQAT9gxNNLElzS\nj6Vd4/WZcU+6YY6ytuCCGSKYZxGl3wQ4FC2xVeYs2I6n5coEi2K4VS9E0oBrH8g6\nbNxcby358nBO6yWDW59p9hJYcDFbf1nfMQKCAQAwaA43/EW2QIQF7Gg96ZGcuXt/\nhcAJ1Yt+zNCNjbtzqa4p/kivUU6j+Jqsh9cQMWQmty1RXX94E2Ez0Lo6niIiBGaW\nJIQjAiCFi4xqHmKReWVoMD6edMwtJuuPnTpyzrHdLppu8koQuGcQwSWPTxvKNARa\ntg/Qw1V8dqDpfQbW24KgP+EIDc3gci8rf1qarpImmxK80uA+uzODXKmv2cFZcUqk\nRh5a4328kDJPxYzEecRGIVLSWlGy8s84RdFiFbIXYC010jl8AobmZ1JX5+rXUERr\nJ30vq0DT8DV3hZzhyw74ByLrnBm1Q8JtKf37pq1FzWqvMJrNkewTB0a1xfPJ\n-----END RSA PRIVATE KEY-----\n",
            "private_key_pem_pkcs8": "-----BEGIN PRIVATE KEY-----\nMIIJQwIBADANBgkqhkiG9w0BAQEFAASCCS0wggkpAgEAAoICAQDEm2fjlmpl3g0C\ndD0ZqIt0qloj4FwmufmLyey49oEScxWpo/q0VbEX8ytH43dMkQ3hdanI6KeB9ov3\nN+o5/Wz6RzmRv51RY0XoL/Phfm7xR3bdMjjGqPYXW66Vb2+grgAlxZ/vNLTh6bOn\neNiXnts44yI+plJbXdWKDbfHRKO3C9nyscs358IYW1NQISAbvMwLrl7tjEJx19G8\nXZccJ8i/Ri177O7U2VJFIeZqFM9iLi2SoDZvr7le0nnXXEsYe7BQpRRmFDz6LB7N\nEVwshVzvWT/xLahde7DByeCFoF162z4XS87aKmm041HfMJpuoJpyBBmMmGuxMVXC\nkHapxSmgf33fpxepZYu17lb4WkPMbCdJvlizywJfECwLtx0v5CPs7niYSqFMeT1G\nvQim9b838zNQVf4d2C0pG9YSXoSr9hn3WgDU64sXu5oe6rWwMPqIlp90pOQHIUTJ\nqQjlAFUnyVlAEsweeiicevKeThbXWB7QFMvpsAlLcczKPL8/FDwT6WjeEGFk0Eh0\nn23I5cAQwi9xX6Zc8+V8oyR6B9igfXzSvCbLGvgwIpe8mGanDGdueDOvfu1pVdqQ\nxLBtXrLe7LPr1Al4seSGJ85pXGqTRACsb6UK1OfO+NhAWC9vWPsPGdZ5WAymD9QU\nexhrwnTZ/xkX+tfAgxuLKrp2okKFRQIDAQABAoICAQCBXQgElgo4MN06iiVR5rar\n8xMQnCXGTYRHWHvsUDYpX5QXZRAm7GN0MMp/qMnslV0exn8K9RqSxxjdd+skcP3t\nyEO3BO+Mh9eNqU+9RaXWGIG7lboJ7U7Pm8HKDeLTROpP8DMGABYst8tAHKHXUe1J\nBxqXQnTaLWm+Rrxv31ghryifKiFfDZ2GzUCKbuFjntxbq0ZG440svyb/3Ez7d6n9\nQT3YVtPnNX+OgXnMvxidr2jJG6X14xgDrlYBQHchCvG+foBnklV0/ubdY9jUaoP1\n8THDjZlEuYhaWmzjP9uCZRP73COlJVcccJ6ETsSumfpFnzD4c6oYky+sr8WEe3ih\nPSXcTITEq3gqVaqzfzNaz2uVQLESN3me408KmZWmIa29QnPZc5pSHrJ4EcfatMWl\n83UXP1JQsquN95fTqeBIgq7AgqAEw8PCtKyu5RjvK7hhzDvcIPCnJOhXOY1h+8iI\nSD6qwTQuMf3edHNaXFvSVQFGDWw2Dg8wE5h1eiPQuMGBi4m7jpi9XgA1zUihtftu\nuV/NeY62RS4KVxtCq2ZGeFgBVxufFCJsega19uCLQwSfNgj74qDmTKIAneGclZoh\nlfYOA5m8trWhaPh9lP2q4i6B5dsQeTW2nCgKZP3TjbZKOxJnxtLXkTAkeWrpDTzV\nManGmbl9svgWMAqcBW1b2QKCAQEA2el1/Zdfc0iLumR6ooJefME13T5ScvOixCGk\n8h7f4RtasPry74GVQOfZWwjtTjPlEC21YrmAD1xx+elZRdzdIfNhDJIE9gXXNG1S\nP+FgKv2a5k09iYjK+x3JE4OZVERzseMjKIhMs7i7PpURcVnQ6pcL2oDNxLUivKFz\nIa7QziyOkPAuVCb/DAAeO1jkIAe1l13iCwddsXPLb4jb0yBwGdMZ0Zd2DKSuOys8\nIAMn/UlNzYcQaVrELk47Vpe6hyZehYdXRmdjNC/2nwhI7riwQvvAJvNAmV80Rlx4\nFquohPm5DoNRFedayE9ZzqmJCbu+Y/O0tfnzh9REFCWA2RLpiwKCAQEA5vimfJoV\nG9l7W5wYGErQsUyR4ITzEtBBkbao4FMBo+fLn2c6zuzpWtuUOxEd34lcQph/V6jH\ngFbYGQtxksjTQ3qklvkOgkNsevkO6OFS+dgi0W0I7UiLwAuM6kTEW3FK1I/G7fOz\nuQsn84MWuYhyMmFEXDCokZI4SuyGMQ7Gdw9ypp0kkQT61Nw1ZehTyLGMbLxolHZw\nYIRuXCtehotqZgXfcD9XPfoG1a2XXUpxXysIUpLGFBWBzHFQhu8dlmhgP+ZBQ6De\n+mWE/LqkVPqoq+El9lXso8Si/1XhIt5UvY3DCG+TrjyHG9OU60tDUmBB6AUUODiH\nJun+h59ri4IGbwKCAQEAlCBboU81hgMJYGGO70rZecpImCUWHKe6u8H3AtKz8qwK\ngQWFAAPA9kbj/DrcPO2PxuibRQm9oDOCEpRpp9DTzJFJJidYEfi0aiHp6ByGp5KO\nqgBVVVlUSVDc71PkdWC2mHRC4PmN0hk/xvHD0p5wIhcc6qHlvdI3U6wXvAy+SXgG\nTUXG6FM9yeWGp2bsY016RfN+hWqzaL3CywVoEGMbcKKMCWoAx+VlvjjMfSJIG6ep\nqI0oPcWCV8u8EEfBdr9BP1lZnTUIPWBhL4eNNCD9R/sjihaOkfMicLXIt/hl7EZo\nYhInm1ER59nwvUeHLMOfTwhJje3jejBzOpKnvGdbswKCAQAIQsxxmHE41cZ7uFGE\nTOi57qspBJhNC/XMaGQR4eYlHp1BzkdkL0UJYuEiW7Jd1GPgXePwFrFL/c8s1iPx\nxA0KVNCeNbo3HoI6w72sxqJZHUnhg6zWD8ovzDn2Bw+e1aZ/g8Txrc23yJZdN0sQ\nx7iN5Ly1L2hYDIrG4z7JcmXWzE6ldulf5nWyN04RnwWgH/mNyg9TgAj06sentEVl\nOodLrtoXAaz1IoQsEFFhnNABP2DE00sSXNKPpV3j9ZlxT7phjrK24IIZIphnEaXf\nBDgULbFV5izYjqflygSLYrhVL0TSgGsfyDps3FxvLfnycE7rJYNbn2n2ElhwMVt/\nWd8xAoIBADBoDjf8RbZAhAXsaD3pkZy5e3+FwAnVi37M0I2Nu3Oprin+SK9RTqP4\nmqyH1xAxZCa3LVFdf3gTYTPQujqeIiIEZpYkhCMCIIWLjGoeYpF5ZWgwPp50zC0m\n64+dOnLOsd0umm7yShC4ZxDBJY9PG8o0BFq2D9DDVXx2oOl9BtbbgqA/4QgNzeBy\nLyt/WpqukiabErzS4D67M4Ncqa/ZwVlxSqRGHlrjfbyQMk/FjMR5xEYhUtJaUbLy\nzzhF0WIVshdgLTXSOXwChuZnUlfn6tdQRGsnfS+rQNPwNXeFnOHLDvgHIuucGbVD\nwm0p/fumrUXNaq8wms2R7BMHRrXF88k=\n-----END PRIVATE KEY-----\n",
            "public_key_fingerprint_md5": "5f:5f:1e:8d:ef:50:17:9c:8e:8d:bb:3e:ec:84:da:e7",
            "public_key_fingerprint_sha256": "SHA256:ntZGZwQJwLkB6jJt2khRFSKWBfSricwAZ3vORC+RCso",
            "public_key_openssh": "ssh-rsa AAAAB3NzaC1yc2EAAAADAQABAAACAQDEm2fjlmpl3g0CdD0ZqIt0qloj4FwmufmLyey49oEScxWpo/q0VbEX8ytH43dMkQ3hdanI6KeB9ov3N+o5/Wz6RzmRv51RY0XoL/Phfm7xR3bdMjjGqPYXW66Vb2+grgAlxZ/vNLTh6bOneNiXnts44yI+plJbXdWKDbfHRKO3C9nyscs358IYW1NQISAbvMwLrl7tjEJx19G8XZccJ8i/Ri177O7U2VJFIeZqFM9iLi2SoDZvr7le0nnXXEsYe7BQpRRmFDz6LB7NEVwshVzvWT/xLahde7DByeCFoF162z4XS87aKmm041HfMJpuoJpyBBmMmGuxMVXCkHapxSmgf33fpxepZYu17lb4WkPMbCdJvlizywJfECwLtx0v5CPs7niYSqFMeT1GvQim9b838zNQVf4d2C0pG9YSXoSr9hn3WgDU64sXu5oe6rWwMPqIlp90pOQHIUTJqQjlAFUnyVlAEsweeiicevKeThbXWB7QFMvpsAlLcczKPL8/FDwT6WjeEGFk0Eh0n23I5cAQwi9xX6Zc8+V8oyR6B9igfXzSvCbLGvgwIpe8mGanDGdueDOvfu1pVdqQxLBtXrLe7LPr1Al4seSGJ85pXGqTRACsb6UK1OfO+NhAWC9vWPsPGdZ5WAymD9QUexhrwnTZ/xkX+tfAgxuLKrp2okKFRQ==\n",
            "public_key_pem": "-----BEGIN PUBLIC KEY-----\nMIICIjANBgkqhkiG9w0BAQEFAAOCAg8AMIICCgKCAgEAxJtn45ZqZd4NAnQ9GaiL\ndKpaI+BcJrn5i8nsuPaBEnMVqaP6tFWxF/MrR+N3TJEN4XWpyOingfaL9zfqOf1s\n+kc5kb+dUWNF6C/z4X5u8Ud23TI4xqj2F1uulW9voK4AJcWf7zS04emzp3jYl57b\nOOMiPqZSW13Vig23x0SjtwvZ8rHLN+fCGFtTUCEgG7zMC65e7YxCcdfRvF2XHCfI\nv0Yte+zu1NlSRSHmahTPYi4tkqA2b6+5XtJ511xLGHuwUKUUZhQ8+iwezRFcLIVc\n71k/8S2oXXuwwcnghaBdets+F0vO2ipptONR3zCabqCacgQZjJhrsTFVwpB2qcUp\noH9936cXqWWLte5W+FpDzGwnSb5Ys8sCXxAsC7cdL+Qj7O54mEqhTHk9Rr0IpvW/\nN/MzUFX+HdgtKRvWEl6Eq/YZ91oA1OuLF7uaHuq1sDD6iJafdKTkByFEyakI5QBV\nJ8lZQBLMHnoonHrynk4W11ge0BTL6bAJS3HMyjy/PxQ8E+lo3hBhZNBIdJ9tyOXA\nEMIvcV+mXPPlfKMkegfYoH180rwmyxr4MCKXvJhmpwxnbngzr37taVXakMSwbV6y\n3uyz69QJeLHkhifOaVxqk0QArG+lCtTnzvjYQFgvb1j7DxnWeVgMpg/UFHsYa8J0\n2f8ZF/rXwIMbiyq6dqJChUUCAwEAAQ==\n-----END PUBLIC KEY-----\n",
            "rsa_bits": 4096
          },
          "sensitive_attributes": [
            [
              {
                "type": "get_attr",
                "value": "private_key_openssh"
              }
            ],
            [
              {
                "type": "get_attr",
                "value": "private_key_pem_pkcs8"
              }
            ],
            [
              {
                "type": "get_attr",
                "value": "private_key_pem"
              }
            ]
          ]
        }
      ]
    }
  ],
  "check_results": null
}
